
Microsoft Visual Studio Solution File, Format Version 12.00
# Visual Studio Version 16
VisualStudioVersion = 16.0.30711.63
MinimumVisualStudioVersion = 10.0.40219.1
Project("{FAE04EC0-301F-11D3-BF4B-00C04F79EFBC}") = "IT-department-daily-data-recording-program", "Erenbook\IT-department-daily-data-recording-program.csproj", "{0F894722-1848-48FF-B0A1-CCB7E7AA8ABE}"
EndProject
Global
	GlobalSection(SolutionConfigurationPlatforms) = preSolution
		Debug|Any CPU = Debug|Any CPU
		Release|Any CPU = Release|Any CPU
	EndGlobalSection
	GlobalSection(ProjectConfigurationPlatforms) = postSolution
		{0F894722-1848-48FF-B0A1-CCB7E7AA8ABE}.Debug|Any CPU.ActiveCfg = Debug|Any CPU
		{0F894722-1848-48FF-B0A1-CCB7E7AA8ABE}.Debug|Any CPU.Build.0 = Debug|Any CPU
		{0F894722-1848-48FF-B0A1-CCB7E7AA8ABE}.Release|Any CPU.ActiveCfg = Release|Any CPU
		{0F894722-1848-48FF-B0A1-CCB7E7AA8ABE}.Release|Any CPU.Build.0 = Release|Any CPU
	EndGlobalSection
	GlobalSection(SolutionProperties) = preSolution
		HideSolutionNode = FALSE
	EndGlobalSection
	GlobalSection(ExtensibilityGlobals) = postSolution
		SolutionGuid = {6DDF9317-CAED-412F-ADA5-7BB5017D0418}
	EndGlobalSection
EndGlobal
